
Microsoft Visual Studio Solution File, Format Version 12.00
# Visual Studio 15
Project("{FAE04EC0-301F-11D3-BF4B-00C04F79EFBC}") = "Assembly-CSharp", "Assembly-CSharp.csproj", "{70FDE3E5-20B3-E01C-0DA7-BCDD31A2F2DC}"
EndProject
Project("{FAE04EC0-301F-11D3-BF4B-00C04F79EFBC}") = "Assembly-CSharp-firstpass", "Assembly-CSharp-firstpass.csproj", "{34A23348-E7F3-3CF2-60AE-EFBD112BC89C}"
EndProject
Project("{FAE04EC0-301F-11D3-BF4B-00C04F79EFBC}") = "Assembly-CSharp-Editor", "Assembly-CSharp-Editor.csproj", "{50E559E8-F233-5D22-4357-8DAFBC4038B1}"
EndProject
Global
	GlobalSection(SolutionConfigurationPlatforms) = preSolution
		Debug|Any CPU = Debug|Any CPU
		Release|Any CPU = Release|Any CPU
	EndGlobalSection
	GlobalSection(ProjectConfigurationPlatforms) = postSolution
		{70FDE3E5-20B3-E01C-0DA7-BCDD31A2F2DC}.Debug|Any CPU.ActiveCfg = Debug|Any CPU
		{70FDE3E5-20B3-E01C-0DA7-BCDD31A2F2DC}.Debug|Any CPU.Build.0 = Debug|Any CPU
		{70FDE3E5-20B3-E01C-0DA7-BCDD31A2F2DC}.Release|Any CPU.ActiveCfg = Release|Any CPU
		{70FDE3E5-20B3-E01C-0DA7-BCDD31A2F2DC}.Release|Any CPU.Build.0 = Release|Any CPU
		{34A23348-E7F3-3CF2-60AE-EFBD112BC89C}.Debug|Any CPU.ActiveCfg = Debug|Any CPU
		{34A23348-E7F3-3CF2-60AE-EFBD112BC89C}.Debug|Any CPU.Build.0 = Debug|Any CPU
		{34A23348-E7F3-3CF2-60AE-EFBD112BC89C}.Release|Any CPU.ActiveCfg = Release|Any CPU
		{34A23348-E7F3-3CF2-60AE-EFBD112BC89C}.Release|Any CPU.Build.0 = Release|Any CPU
		{50E559E8-F233-5D22-4357-8DAFBC4038B1}.Debug|Any CPU.ActiveCfg = Debug|Any CPU
		{50E559E8-F233-5D22-4357-8DAFBC4038B1}.Debug|Any CPU.Build.0 = Debug|Any CPU
		{50E559E8-F233-5D22-4357-8DAFBC4038B1}.Release|Any CPU.ActiveCfg = Release|Any CPU
		{50E559E8-F233-5D22-4357-8DAFBC4038B1}.Release|Any CPU.Build.0 = Release|Any CPU
	EndGlobalSection
	GlobalSection(SolutionProperties) = preSolution
		HideSolutionNode = FALSE
	EndGlobalSection
EndGlobal
